// !$*UTF8*$!
{
	archiveVersion = 1;
	classes = {
	};
	objectVersion = 48;
	objects = {

/* Begin PBXBuildFile section */
		10FFC9221F9BC69E00850EE0 /* AppDelegate.swift in Sources */ = {isa = PBXBuildFile; fileRef = 10FFC9211F9BC69E00850EE0 /* AppDelegate.swift */; };
		10FFC9271F9BC69E00850EE0 /* Main.storyboard in Resources */ = {isa = PBXBuildFile; fileRef = 10FFC9251F9BC69E00850EE0 /* Main.storyboard */; };
		10FFC9291F9BC69E00850EE0 /* Assets.xcassets in Resources */ = {isa = PBXBuildFile; fileRef = 10FFC9281F9BC69E00850EE0 /* Assets.xcassets */; };
		10FFC92C1F9BC69E00850EE0 /* LaunchScreen.storyboard in Resources */ = {isa = PBXBuildFile; fileRef = 10FFC92A1F9BC69E00850EE0 /* LaunchScreen.storyboard */; };
		10FFC9371F9BC69E00850EE0 /* presenTimerTests.swift in Sources */ = {isa = PBXBuildFile; fileRef = 10FFC9361F9BC69E00850EE0 /* presenTimerTests.swift */; };
		10FFC9421F9BC69E00850EE0 /* presenTimerUITests.swift in Sources */ = {isa = PBXBuildFile; fileRef = 10FFC9411F9BC69E00850EE0 /* presenTimerUITests.swift */; };
		10FFC9501F9BC9FF00850EE0 /* SelectTimeViewController.swift in Sources */ = {isa = PBXBuildFile; fileRef = 10FFC94F1F9BC9FF00850EE0 /* SelectTimeViewController.swift */; };
		10FFC9521F9BCA0B00850EE0 /* SelectAlertViewController.swift in Sources */ = {isa = PBXBuildFile; fileRef = 10FFC9511F9BCA0B00850EE0 /* SelectAlertViewController.swift */; };
		10FFC9541F9BCA1300850EE0 /* TimerViewController.swift in Sources */ = {isa = PBXBuildFile; fileRef = 10FFC9531F9BCA1300850EE0 /* TimerViewController.swift */; };
		10FFC9561F9C3F1400850EE0 /* music.m4a in Resources */ = {isa = PBXBuildFile; fileRef = 10FFC9551F9C3F1300850EE0 /* music.m4a */; };
/* End PBXBuildFile section */

/* Begin PBXContainerItemProxy section */
		10FFC9331F9BC69E00850EE0 /* PBXContainerItemProxy */ = {
			isa = PBXContainerItemProxy;
			containerPortal = 10FFC9161F9BC69E00850EE0 /* Project object */;
			proxyType = 1;
			remoteGlobalIDString = 10FFC91D1F9BC69E00850EE0;
			remoteInfo = presenTimer;
		};
		10FFC93E1F9BC69E00850EE0 /* PBXContainerItemProxy */ = {
			isa = PBXContainerItemProxy;
			containerPortal = 10FFC9161F9BC69E00850EE0 /* Project object */;
			proxyType = 1;
			remoteGlobalIDString = 10FFC91D1F9BC69E00850EE0;
			remoteInfo = presenTimer;
		};
/* End PBXContainerItemProxy section */

/* Begin PBXFileReference section */
		10FFC91E1F9BC69E00850EE0 /* presenTimer.app */ = {isa = PBXFileReference; explicitFileType = wrapper.application; includeInIndex = 0; path = presenTimer.app; sourceTree = BUILT_PRODUCTS_DIR; };
		10FFC9211F9BC69E00850EE0 /* AppDelegate.swift */ = {isa = PBXFileReference; lastKnownFileType = sourcecode.swift; path = AppDelegate.swift; sourceTree = "<group>"; };
		10FFC9261F9BC69E00850EE0 /* Base */ = {isa = PBXFileReference; lastKnownFileType = file.storyboard; name = Base; path = Base.lproj/Main.storyboard; sourceTree = "<group>"; };
		10FFC9281F9BC69E00850EE0 /* Assets.xcassets */ = {isa = PBXFileReference; lastKnownFileType = folder.assetcatalog; path = Assets.xcassets; sourceTree = "<group>"; };
		10FFC92B1F9BC69E00850EE0 /* Base */ = {isa = PBXFileReference; lastKnownFileType = file.storyboard; name = Base; path = Base.lproj/LaunchScreen.storyboard; sourceTree = "<group>"; };
		10FFC92D1F9BC69E00850EE0 /* Info.plist */ = {isa = PBXFileReference; lastKnownFileType = text.plist.xml; path = Info.plist; sourceTree = "<group>"; };
		10FFC9321F9BC69E00850EE0 /* presenTimerTests.xctest */ = {isa = PBXFileReference; explicitFileType = wrapper.cfbundle; includeInIndex = 0; path = presenTimerTests.xctest; sourceTree = BUILT_PRODUCTS_DIR; };
		10FFC9361F9BC69E00850EE0 /* presenTimerTests.swift */ = {isa = PBXFileReference; lastKnownFileType = sourcecode.swift; path = presenTimerTests.swift; sourceTree = "<group>"; };
		10FFC9381F9BC69E00850EE0 /* Info.plist */ = {isa = PBXFileReference; lastKnownFileType = text.plist.xml; path = Info.plist; sourceTree = "<group>"; };
		10FFC93D1F9BC69E00850EE0 /* presenTimerUITests.xctest */ = {isa = PBXFileReference; explicitFileType = wrapper.cfbundle; includeInIndex = 0; path = presenTimerUITests.xctest; sourceTree = BUILT_PRODUCTS_DIR; };
		10FFC9411F9BC69E00850EE0 /* presenTimerUITests.swift */ = {isa = PBXFileReference; lastKnownFileType = sourcecode.swift; path = presenTimerUITests.swift; sourceTree = "<group>"; };
		10FFC9431F9BC69E00850EE0 /* Info.plist */ = {isa = PBXFileReference; lastKnownFileType = text.plist.xml; path = Info.plist; sourceTree = "<group>"; };
		10FFC94F1F9BC9FF00850EE0 /* SelectTimeViewController.swift */ = {isa = PBXFileReference; lastKnownFileType = sourcecode.swift; path = SelectTimeViewController.swift; sourceTree = "<group>"; };
		10FFC9511F9BCA0B00850EE0 /* SelectAlertViewController.swift */ = {isa = PBXFileReference; lastKnownFileType = sourcecode.swift; path = SelectAlertViewController.swift; sourceTree = "<group>"; };
		10FFC9531F9BCA1300850EE0 /* TimerViewController.swift */ = {isa = PBXFileReference; lastKnownFileType = sourcecode.swift; path = TimerViewController.swift; sourceTree = "<group>"; };
		10FFC9551F9C3F1300850EE0 /* music.m4a */ = {isa = PBXFileReference; lastKnownFileType = file; path = music.m4a; sourceTree = "<group>"; };
/* End PBXFileReference section */

/* Begin PBXFrameworksBuildPhase section */
		10FFC91B1F9BC69E00850EE0 /* Frameworks */ = {
			isa = PBXFrameworksBuildPhase;
			buildActionMask = 2147483647;
			files = (
			);
			runOnlyForDeploymentPostprocessing = 0;
		};
		10FFC92F1F9BC69E00850EE0 /* Frameworks */ = {
			isa = PBXFrameworksBuildPhase;
			buildActionMask = 2147483647;
			files = (
			);
			runOnlyForDeploymentPostprocessing = 0;
		};
		10FFC93A1F9BC69E00850EE0 /* Frameworks */ = {
			isa = PBXFrameworksBuildPhase;
			buildActionMask = 2147483647;
			files = (
			);
			runOnlyForDeploymentPostprocessing = 0;
		};
/* End PBXFrameworksBuildPhase section */

/* Begin PBXGroup section */
		10FFC9151F9BC69E00850EE0 = {
			isa = PBXGroup;
			children = (
				10FFC9201F9BC69E00850EE0 /* presenTimer */,
				10FFC9351F9BC69E00850EE0 /* presenTimerTests */,
				10FFC9401F9BC69E00850EE0 /* presenTimerUITests */,
				10FFC91F1F9BC69E00850EE0 /* Products */,
			);
			sourceTree = "<group>";
		};
		10FFC91F1F9BC69E00850EE0 /* Products */ = {
			isa = PBXGroup;
			children = (
				10FFC91E1F9BC69E00850EE0 /* presenTimer.app */,
				10FFC9321F9BC69E00850EE0 /* presenTimerTests.xctest */,
				10FFC93D1F9BC69E00850EE0 /* presenTimerUITests.xctest */,
			);
			name = Products;
			sourceTree = "<group>";
		};
		10FFC9201F9BC69E00850EE0 /* presenTimer */ = {
			isa = PBXGroup;
			children = (
				10FFC9551F9C3F1300850EE0 /* music.m4a */,
				10FFC9211F9BC69E00850EE0 /* AppDelegate.swift */,
				10FFC9251F9BC69E00850EE0 /* Main.storyboard */,
				10FFC9281F9BC69E00850EE0 /* Assets.xcassets */,
				10FFC92A1F9BC69E00850EE0 /* LaunchScreen.storyboard */,
				10FFC92D1F9BC69E00850EE0 /* Info.plist */,
				10FFC94F1F9BC9FF00850EE0 /* SelectTimeViewController.swift */,
				10FFC9511F9BCA0B00850EE0 /* SelectAlertViewController.swift */,
				10FFC9531F9BCA1300850EE0 /* TimerViewController.swift */,
			);
			path = presenTimer;
			sourceTree = "<group>";
		};
		10FFC9351F9BC69E00850EE0 /* presenTimerTests */ = {
			isa = PBXGroup;
			children = (
				10FFC9361F9BC69E00850EE0 /* presenTimerTests.swift */,
				10FFC9381F9BC69E00850EE0 /* Info.plist */,
			);
			path = presenTimerTests;
			sourceTree = "<group>";
		};
		10FFC9401F9BC69E00850EE0 /* presenTimerUITests */ = {
			isa = PBXGroup;
			children = (
				10FFC9411F9BC69E00850EE0 /* presenTimerUITests.swift */,
				10FFC9431F9BC69E00850EE0 /* Info.plist */,
			);
			path = presenTimerUITests;
			sourceTree = "<group>";
		};
/* End PBXGroup section */

/* Begin PBXNativeTarget section */
		10FFC91D1F9BC69E00850EE0 /* presenTimer */ = {
			isa = PBXNativeTarget;
			buildConfigurationList = 10FFC9461F9BC69E00850EE0 /* Build configuration list for PBXNativeTarget "presenTimer" */;
			buildPhases = (
				10FFC91A1F9BC69E00850EE0 /* Sources */,
				10FFC91B1F9BC69E00850EE0 /* Frameworks */,
				10FFC91C1F9BC69E00850EE0 /* Resources */,
			);
			buildRules = (
			);
			dependencies = (
			);
			name = presenTimer;
			productName = presenTimer;
			productReference = 10FFC91E1F9BC69E00850EE0 /* presenTimer.app */;
			productType = "com.apple.product-type.application";
		};
		10FFC9311F9BC69E00850EE0 /* presenTimerTests */ = {
			isa = PBXNativeTarget;
			buildConfigurationList = 10FFC9491F9BC69E00850EE0 /* Build configuration list for PBXNativeTarget "presenTimerTests" */;
			buildPhases = (
				10FFC92E1F9BC69E00850EE0 /* Sources */,
				10FFC92F1F9BC69E00850EE0 /* Frameworks */,
				10FFC9301F9BC69E00850EE0 /* Resources */,
			);
			buildRules = (
			);
			dependencies = (
				10FFC9341F9BC69E00850EE0 /* PBXTargetDependency */,
			);
			name = presenTimerTests;
			productName = presenTimerTests;
			productReference = 10FFC9321F9BC69E00850EE0 /* presenTimerTests.xctest */;
			productType = "com.apple.product-type.bundle.unit-test";
		};
		10FFC93C1F9BC69E00850EE0 /* presenTimerUITests */ = {
			isa = PBXNativeTarget;
			buildConfigurationList = 10FFC94C1F9BC69E00850EE0 /* Build configuration list for PBXNativeTarget "presenTimerUITests" */;
			buildPhases = (
				10FFC9391F9BC69E00850EE0 /* Sources */,
				10FFC93A1F9BC69E00850EE0 /* Frameworks */,
				10FFC93B1F9BC69E00850EE0 /* Resources */,
			);
			buildRules = (
			);
			dependencies = (
				10FFC93F1F9BC69E00850EE0 /* PBXTargetDependency */,
			);
			name = presenTimerUITests;
			productName = presenTimerUITests;
			productReference = 10FFC93D1F9BC69E00850EE0 /* presenTimerUITests.xctest */;
			productType = "com.apple.product-type.bundle.ui-testing";
		};
/* End PBXNativeTarget section */

/* Begin PBXProject section */
		10FFC9161F9BC69E00850EE0 /* Project object */ = {
			isa = PBXProject;
			attributes = {
				LastSwiftUpdateCheck = 0900;
				LastUpgradeCheck = 0900;
				ORGANIZATIONNAME = "reo harada";
				TargetAttributes = {
					10FFC91D1F9BC69E00850EE0 = {
						CreatedOnToolsVersion = 9.0;
						ProvisioningStyle = Automatic;
					};
					10FFC9311F9BC69E00850EE0 = {
						CreatedOnToolsVersion = 9.0;
						ProvisioningStyle = Automatic;
						TestTargetID = 10FFC91D1F9BC69E00850EE0;
					};
					10FFC93C1F9BC69E00850EE0 = {
						CreatedOnToolsVersion = 9.0;
						ProvisioningStyle = Automatic;
						TestTargetID = 10FFC91D1F9BC69E00850EE0;
					};
				};
			};
			buildConfigurationList = 10FFC9191F9BC69E00850EE0 /* Build configuration list for PBXProject "presenTimer" */;
			compatibilityVersion = "Xcode 8.0";
			developmentRegion = en;
			hasScannedForEncodings = 0;
			knownRegions = (
				en,
				Base,
			);
			mainGroup = 10FFC9151F9BC69E00850EE0;
			productRefGroup = 10FFC91F1F9BC69E00850EE0 /* Products */;
			projectDirPath = "";
			projectRoot = "";
			targets = (
				10FFC91D1F9BC69E00850EE0 /* presenTimer */,
				10FFC9311F9BC69E00850EE0 /* presenTimerTests */,
				10FFC93C1F9BC69E00850EE0 /* presenTimerUITests */,
			);
		};
/* End PBXProject section */

/* Begin PBXResourcesBuildPhase section */
		10FFC91C1F9BC69E00850EE0 /* Resources */ = {
			isa = PBXResourcesBuildPhase;
			buildActionMask = 2147483647;
			files = (
				10FFC92C1F9BC69E00850EE0 /* LaunchScreen.storyboard in Resources */,
				10FFC9291F9BC69E00850EE0 /* Assets.xcassets in Resources */,
				10FFC9561F9C3F1400850EE0 /* music.m4a in Resources */,
				10FFC9271F9BC69E00850EE0 /* Main.storyboard in Resources */,
			);
			runOnlyForDeploymentPostprocessing = 0;
		};
		10FFC9301F9BC69E00850EE0 /* Resources */ = {
			isa = PBXResourcesBuildPhase;
			buildActionMask = 2147483647;
			files = (
			);
			runOnlyForDeploymentPostprocessing = 0;
		};
		10FFC93B1F9BC69E00850EE0 /* Resources */ = {
			isa = PBXResourcesBuildPhase;
			buildActionMask = 2147483647;
			files = (
			);
			runOnlyForDeploymentPostprocessing = 0;
		};
/* End PBXResourcesBuildPhase section */

/* Begin PBXSourcesBuildPhase section */
		10FFC91A1F9BC69E00850EE0 /* Sources */ = {
			isa = PBXSourcesBuildPhase;
			buildActionMask = 2147483647;
			files = (
				10FFC9541F9BCA1300850EE0 /* TimerViewController.swift in Sources */,
				10FFC9521F9BCA0B00850EE0 /* SelectAlertViewController.swift in Sources */,
				10FFC9501F9BC9FF00850EE0 /* SelectTimeViewController.swift in Sources */,
				10FFC9221F9BC69E00850EE0 /* AppDelegate.swift in Sources */,
			);
			runOnlyForDeploymentPostprocessing = 0;
		};
		10FFC92E1F9BC69E00850EE0 /* Sources */ = {
			isa = PBXSourcesBuildPhase;
			buildActionMask = 2147483647;
			files = (
				10FFC9371F9BC69E00850EE0 /* presenTimerTests.swift in Sources */,
			);
			runOnlyForDeploymentPostprocessing = 0;
		};
		10FFC9391F9BC69E00850EE0 /* Sources */ = {
			isa = PBXSourcesBuildPhase;
			buildActionMask = 2147483647;
			files = (
				10FFC9421F9BC69E00850EE0 /* presenTimerUITests.swift in Sources */,
			);
			runOnlyForDeploymentPostprocessing = 0;
		};
/* End PBXSourcesBuildPhase section */

/* Begin PBXTargetDependency section */
		10FFC9341F9BC69E00850EE0 /* PBXTargetDependency */ = {
			isa = PBXTargetDependency;
			target = 10FFC91D1F9BC69E00850EE0 /* presenTimer */;
			targetProxy = 10FFC9331F9BC69E00850EE0 /* PBXContainerItemProxy */;
		};
		10FFC93F1F9BC69E00850EE0 /* PBXTargetDependency */ = {
			isa = PBXTargetDependency;
			target = 10FFC91D1F9BC69E00850EE0 /* presenTimer */;
			targetProxy = 10FFC93E1F9BC69E00850EE0 /* PBXContainerItemProxy */;
		};
/* End PBXTargetDependency section */

/* Begin PBXVariantGroup section */
		10FFC9251F9BC69E00850EE0 /* Main.storyboard */ = {
			isa = PBXVariantGroup;
			children = (
				10FFC9261F9BC69E00850EE0 /* Base */,
			);
			name = Main.storyboard;
			sourceTree = "<group>";
		};
		10FFC92A1F9BC69E00850EE0 /* LaunchScreen.storyboard */ = {
			isa = PBXVariantGroup;
			children = (
				10FFC92B1F9BC69E00850EE0 /* Base */,
			);
			name = LaunchScreen.storyboard;
			sourceTree = "<group>";
		};
/* End PBXVariantGroup section */

/* Begin XCBuildConfiguration section */
		10FFC9441F9BC69E00850EE0 /* Debug */ = {
			isa = XCBuildConfiguration;
			buildSettings = {
				ALWAYS_SEARCH_USER_PATHS = NO;
				CLANG_ANALYZER_NONNULL = YES;
				CLANG_ANALYZER_NUMBER_OBJECT_CONVERSION = YES_AGGRESSIVE;
				CLANG_CXX_LANGUAGE_STANDARD = "gnu++14";
				CLANG_CXX_LIBRARY = "libc++";
				CLANG_ENABLE_MODULES = YES;
				CLANG_ENABLE_OBJC_ARC = YES;
				CLANG_WARN_BLOCK_CAPTURE_AUTORELEASING = YES;
				CLANG_WARN_BOOL_CONVERSION = YES;
				CLANG_WARN_COMMA = YES;
				CLANG_WARN_CONSTANT_CONVERSION = YES;
				CLANG_WARN_DIRECT_OBJC_ISA_USAGE = YES_ERROR;
				CLANG_WARN_DOCUMENTATION_COMMENTS = YES;
				CLANG_WARN_EMPTY_BODY = YES;
				CLANG_WARN_ENUM_CONVERSION = YES;
				CLANG_WARN_INFINITE_RECURSION = YES;
				CLANG_WARN_INT_CONVERSION = YES;
				CLANG_WARN_NON_LITERAL_NULL_CONVERSION = YES;
				CLANG_WARN_OBJC_LITERAL_CONVERSION = YES;
				CLANG_WARN_OBJC_ROOT_CLASS = YES_ERROR;
				CLANG_WARN_RANGE_LOOP_ANALYSIS = YES;
				CLANG_WARN_STRICT_PROTOTYPES = YES;
				CLANG_WARN_SUSPICIOUS_MOVE = YES;
				CLANG_WARN_UNGUARDED_AVAILABILITY = YES_AGGRESSIVE;
				CLANG_WARN_UNREACHABLE_CODE = YES;
				CLANG_WARN__DUPLICATE_METHOD_MATCH = YES;
				CODE_SIGN_IDENTITY = "iPhone Developer";
				COPY_PHASE_STRIP = NO;
				DEBUG_INFORMATION_FORMAT = dwarf;
				ENABLE_STRICT_OBJC_MSGSEND = YES;
				ENABLE_TESTABILITY = YES;
				GCC_C_LANGUAGE_STANDARD = gnu11;
				GCC_DYNAMIC_NO_PIC = NO;
				GCC_NO_COMMON_BLOCKS = YES;
				GCC_OPTIMIZATION_LEVEL = 0;
				GCC_PREPROCESSOR_DEFINITIONS = (
					"DEBUG=1",
					"$(inherited)",
				);
				GCC_WARN_64_TO_32_BIT_CONVERSION = YES;
				GCC_WARN_ABOUT_RETURN_TYPE = YES_ERROR;
				GCC_WARN_UNDECLARED_SELECTOR = YES;
				GCC_WARN_UNINITIALIZED_AUTOS = YES_AGGRESSIVE;
				GCC_WARN_UNUSED_FUNCTION = YES;
				GCC_WARN_UNUSED_VARIABLE = YES;
				IPHONEOS_DEPLOYMENT_TARGET = 11.0;
				MTL_ENABLE_DEBUG_INFO = YES;
				ONLY_ACTIVE_ARCH = YES;
				SDKROOT = iphoneos;
				SWIFT_ACTIVE_COMPILATION_CONDITIONS = DEBUG;
				SWIFT_OPTIMIZATION_LEVEL = "-Onone";
			};
			name = Debug;
		};
		10FFC9451F9BC69E00850EE0 /* Release */ = {
			isa = XCBuildConfiguration;
			buildSettings = {
				ALWAYS_SEARCH_USER_PATHS = NO;
				CLANG_ANALYZER_NONNULL = YES;
				CLANG_ANALYZER_NUMBER_OBJECT_CONVERSION = YES_AGGRESSIVE;
				CLANG_CXX_LANGUAGE_STANDARD = "gnu++14";
				CLANG_CXX_LIBRARY = "libc++";
				CLANG_ENABLE_MODULES = YES;
				CLANG_ENABLE_OBJC_ARC = YES;
				CLANG_WARN_BLOCK_CAPTURE_AUTORELEASING = YES;
				CLANG_WARN_BOOL_CONVERSION = YES;
				CLANG_WARN_COMMA = YES;
				CLANG_WARN_CONSTANT_CONVERSION = YES;
				CLANG_WARN_DIRECT_OBJC_ISA_USAGE = YES_ERROR;
				CLANG_WARN_DOCUMENTATION_COMMENTS = YES;
				CLANG_WARN_EMPTY_BODY = YES;
				CLANG_WARN_ENUM_CONVERSION = YES;
				CLANG_WARN_INFINITE_RECURSION = YES;
				CLANG_WARN_INT_CONVERSION = YES;
				CLANG_WARN_NON_LITERAL_NULL_CONVERSION = YES;
				CLANG_WARN_OBJC_LITERAL_CONVERSION = YES;
				CLANG_WARN_OBJC_ROOT_CLASS = YES_ERROR;
				CLANG_WARN_RANGE_LOOP_ANALYSIS = YES;
				CLANG_WARN_STRICT_PROTOTYPES = YES;
				CLANG_WARN_SUSPICIOUS_MOVE = YES;
				CLANG_WARN_UNGUARDED_AVAILABILITY = YES_AGGRESSIVE;
				CLANG_WARN_UNREACHABLE_CODE = YES;
				CLANG_WARN__DUPLICATE_METHOD_MATCH = YES;
				CODE_SIGN_IDENTITY = "iPhone Developer";
				COPY_PHASE_STRIP = NO;
				DEBUG_INFORMATION_FORMAT = "dwarf-with-dsym";
				ENABLE_NS_ASSERTIONS = NO;
				ENABLE_STRICT_OBJC_MSGSEND = YES;
				GCC_C_LANGUAGE_STANDARD = gnu11;
				GCC_NO_COMMON_BLOCKS = YES;
				GCC_WARN_64_TO_32_BIT_CONVERSION = YES;
				GCC_WARN_ABOUT_RETURN_TYPE = YES_ERROR;
				GCC_WARN_UNDECLARED_SELECTOR = YES;
				GCC_WARN_UNINITIALIZED_AUTOS = YES_AGGRESSIVE;
				GCC_WARN_UNUSED_FUNCTION = YES;
				GCC_WARN_UNUSED_VARIABLE = YES;
				IPHONEOS_DEPLOYMENT_TARGET = 11.0;
				MTL_ENABLE_DEBUG_INFO = NO;
				SDKROOT = iphoneos;
				SWIFT_OPTIMIZATION_LEVEL = "-Owholemodule";
				VALIDATE_PRODUCT = YES;
			};
			name = Release;
		};
		10FFC9471F9BC69E00850EE0 /* Debug */ = {
			isa = XCBuildConfiguration;
			buildSettings = {
				ASSETCATALOG_COMPILER_APPICON_NAME = AppIcon;
				CODE_SIGN_STYLE = Automatic;
				INFOPLIST_FILE = presenTimer/Info.plist;
				LD_RUNPATH_SEARCH_PATHS = "$(inherited) @executable_path/Frameworks";
				PRODUCT_BUNDLE_IDENTIFIER = AppAcademia.presenTimer;
				PRODUCT_NAME = "$(TARGET_NAME)";
				SWIFT_VERSION = 4.0;
				TARGETED_DEVICE_FAMILY = "1,2";
			};
			name = Debug;
		};
		10FFC9481F9BC69E00850EE0 /* Release */ = {
			isa = XCBuildConfiguration;
			buildSettings = {
				ASSETCATALOG_COMPILER_APPICON_NAME = AppIcon;
				CODE_SIGN_STYLE = Automatic;
				INFOPLIST_FILE = presenTimer/Info.plist;
				LD_RUNPATH_SEARCH_PATHS = "$(inherited) @executable_path/Frameworks";
				PRODUCT_BUNDLE_IDENTIFIER = AppAcademia.presenTimer;
				PRODUCT_NAME = "$(TARGET_NAME)";
				SWIFT_VERSION = 4.0;
				TARGETED_DEVICE_FAMILY = "1,2";
			};
			name = Release;
		};
		10FFC94A1F9BC69E00850EE0 /* Debug */ = {
			isa = XCBuildConfiguration;
			buildSettings = {
				ALWAYS_EMBED_SWIFT_STANDARD_LIBRARIES = YES;
				BUNDLE_LOADER = "$(TEST_HOST)";
				CODE_SIGN_STYLE = Automatic;
				INFOPLIST_FILE = presenTimerTests/Info.plist;
				LD_RUNPATH_SEARCH_PATHS = "$(inherited) @executable_path/Frameworks @loader_path/Frameworks";
				PRODUCT_BUNDLE_IDENTIFIER = AppAcademia.presenTimerTests;
				PRODUCT_NAME = "$(TARGET_NAME)";
				SWIFT_VERSION = 4.0;
				TARGETED_DEVICE_FAMILY = "1,2";
				TEST_HOST = "$(BUILT_PRODUCTS_DIR)/presenTimer.app/presenTimer";
			};
			name = Debug;
		};
		10FFC94B1F9BC69E00850EE0 /* Release */ = {
			isa = XCBuildConfiguration;
			buildSettings = {
				ALWAYS_EMBED_SWIFT_STANDARD_LIBRARIES = YES;
				BUNDLE_LOADER = "$(TEST_HOST)";
				CODE_SIGN_STYLE = Automatic;
				INFOPLIST_FILE = presenTimerTests/Info.plist;
				LD_RUNPATH_SEARCH_PATHS = "$(inherited) @executable_path/Frameworks @loader_path/Frameworks";
				PRODUCT_BUNDLE_IDENTIFIER = AppAcademia.presenTimerTests;
				PRODUCT_NAME = "$(TARGET_NAME)";
				SWIFT_VERSION = 4.0;
				TARGETED_DEVICE_FAMILY = "1,2";
				TEST_HOST = "$(BUILT_PRODUCTS_DIR)/presenTimer.app/presenTimer";
			};
			name = Release;
		};
		10FFC94D1F9BC69E00850EE0 /* Debug */ = {
			isa = XCBuildConfiguration;
			buildSettings = {
				ALWAYS_EMBED_SWIFT_STANDARD_LIBRARIES = YES;
				CODE_SIGN_STYLE = Automatic;
				INFOPLIST_FILE = presenTimerUITests/Info.plist;
				LD_RUNPATH_SEARCH_PATHS = "$(inherited) @executable_path/Frameworks @loader_path/Frameworks";
				PRODUCT_BUNDLE_IDENTIFIER = AppAcademia.presenTimerUITests;
				PRODUCT_NAME = "$(TARGET_NAME)";
				SWIFT_VERSION = 4.0;
				TARGETED_DEVICE_FAMILY = "1,2";
				TEST_TARGET_NAME = presenTimer;
			};
			name = Debug;
		};
		10FFC94E1F9BC69E00850EE0 /* Release */ = {
			isa = XCBuildConfiguration;
			buildSettings = {
				ALWAYS_EMBED_SWIFT_STANDARD_LIBRARIES = YES;
				CODE_SIGN_STYLE = Automatic;
				INFOPLIST_FILE = presenTimerUITests/Info.plist;
				LD_RUNPATH_SEARCH_PATHS = "$(inherited) @executable_path/Frameworks @loader_path/Frameworks";
				PRODUCT_BUNDLE_IDENTIFIER = AppAcademia.presenTimerUITests;
				PRODUCT_NAME = "$(TARGET_NAME)";
				SWIFT_VERSION = 4.0;
				TARGETED_DEVICE_FAMILY = "1,2";
				TEST_TARGET_NAME = presenTimer;
			};
			name = Release;
		};
/* End XCBuildConfiguration section */

/* Begin XCConfigurationList section */
		10FFC9191F9BC69E00850EE0 /* Build configuration list for PBXProject "presenTimer" */ = {
			isa = XCConfigurationList;
			buildConfigurations = (
				10FFC9441F9BC69E00850EE0 /* Debug */,
				10FFC9451F9BC69E00850EE0 /* Release */,
			);
			defaultConfigurationIsVisible = 0;
			defaultConfigurationName = Release;
		};
		10FFC9461F9BC69E00850EE0 /* Build configuration list for PBXNativeTarget "presenTimer" */ = {
			isa = XCConfigurationList;
			buildConfigurations = (
				10FFC9471F9BC69E00850EE0 /* Debug */,
				10FFC9481F9BC69E00850EE0 /* Release */,
			);
			defaultConfigurationIsVisible = 0;
			defaultConfigurationName = Release;
		};
		10FFC9491F9BC69E00850EE0 /* Build configuration list for PBXNativeTarget "presenTimerTests" */ = {
			isa = XCConfigurationList;
			buildConfigurations = (
				10FFC94A1F9BC69E00850EE0 /* Debug */,
				10FFC94B1F9BC69E00850EE0 /* Release */,
			);
			defaultConfigurationIsVisible = 0;
			defaultConfigurationName = Release;
		};
		10FFC94C1F9BC69E00850EE0 /* Build configuration list for PBXNativeTarget "presenTimerUITests" */ = {
			isa = XCConfigurationList;
			buildConfigurations = (
				10FFC94D1F9BC69E00850EE0 /* Debug */,
				10FFC94E1F9BC69E00850EE0 /* Release */,
			);
			defaultConfigurationIsVisible = 0;
			defaultConfigurationName = Release;
		};
/* End XCConfigurationList section */
	};
	rootObject = 10FFC9161F9BC69E00850EE0 /* Project object */;
}
